// !$*UTF8*$!
{
	archiveVersion = 1;
	classes = {
	};
	objectVersion = 46;
	objects = {

/* Begin PBXBuildFile section */
		500F039E168128E800B6E93E /* bulletstreak.png in Resources */ = {isa = PBXBuildFile; fileRef = 500F039D168128E800B6E93E /* bulletstreak.png */; };
		50669201167ECFCC00163A26 /* fire.png in Resources */ = {isa = PBXBuildFile; fileRef = 50669200167ECFCC00163A26 /* fire.png */; };
		50669204167ED04B00163A26 /* Bullet.m in Sources */ = {isa = PBXBuildFile; fileRef = 50669203167ED04B00163A26 /* Bullet.m */; };
		5083DDCC167E4CC400EE6B07 /* AppDelegate.m in Sources */ = {isa = PBXBuildFile; fileRef = 5083DDA5167E4CC400EE6B07 /* AppDelegate.m */; };
		5083DDCD167E4CC400EE6B07 /* AssassinCar.m in Sources */ = {isa = PBXBuildFile; fileRef = 5083DDA7167E4CC400EE6B07 /* AssassinCar.m */; };
		5083DDCE167E4CC400EE6B07 /* CCAnimationHelper.m in Sources */ = {isa = PBXBuildFile; fileRef = 5083DDA9167E4CC400EE6B07 /* CCAnimationHelper.m */; };
		5083DDCF167E4CC400EE6B07 /* ControlsLayer.m in Sources */ = {isa = PBXBuildFile; fileRef = 5083DDAB167E4CC400EE6B07 /* ControlsLayer.m */; };
		5083DDD0167E4CC400EE6B07 /* CPDebugLayer.m in Sources */ = {isa = PBXBuildFile; fileRef = 5083DDAD167E4CC400EE6B07 /* CPDebugLayer.m */; settings = {COMPILER_FLAGS = "-fno-objc-arc"; }; };
		5083DDD1167E4CC400EE6B07 /* Enemy.m in Sources */ = {isa = PBXBuildFile; fileRef = 5083DDAF167E4CC400EE6B07 /* Enemy.m */; };
		5083DDD2167E4CC400EE6B07 /* GameLayer.m in Sources */ = {isa = PBXBuildFile; fileRef = 5083DDB1167E4CC400EE6B07 /* GameLayer.m */; };
		5083DDD3167E4CC400EE6B07 /* main.m in Sources */ = {isa = PBXBuildFile; fileRef = 5083DDB2167E4CC400EE6B07 /* main.m */; };
		5083DDD4167E4CC400EE6B07 /* MuzzleFlashEffect.m in Sources */ = {isa = PBXBuildFile; fileRef = 5083DDB4167E4CC400EE6B07 /* MuzzleFlashEffect.m */; };
		5083DDD5167E4CC400EE6B07 /* PhysicsSprite.m in Sources */ = {isa = PBXBuildFile; fileRef = 5083DDB6167E4CC400EE6B07 /* PhysicsSprite.m */; };
		5083DDD6167E4CC400EE6B07 /* basic-tiles-hd.plist in Resources */ = {isa = PBXBuildFile; fileRef = 5083DDB9167E4CC400EE6B07 /* basic-tiles-hd.plist */; };
		5083DDD7167E4CC400EE6B07 /* basic-tiles-hd.png in Resources */ = {isa = PBXBuildFile; fileRef = 5083DDBA167E4CC400EE6B07 /* basic-tiles-hd.png */; };
		5083DDD8167E4CC400EE6B07 /* basic-tiles.plist in Resources */ = {isa = PBXBuildFile; fileRef = 5083DDBB167E4CC400EE6B07 /* basic-tiles.plist */; };
		5083DDD9167E4CC400EE6B07 /* basic-tiles.png in Resources */ = {isa = PBXBuildFile; fileRef = 5083DDBC167E4CC400EE6B07 /* basic-tiles.png */; };
		5083DDDC167E4CC400EE6B07 /* config.lua in Resources */ = {isa = PBXBuildFile; fileRef = 5083DDBF167E4CC400EE6B07 /* config.lua */; };
		5083DDDD167E4CC400EE6B07 /* event-tiles-hd.plist in Resources */ = {isa = PBXBuildFile; fileRef = 5083DDC0167E4CC400EE6B07 /* event-tiles-hd.plist */; };
		5083DDDE167E4CC400EE6B07 /* event-tiles-hd.png in Resources */ = {isa = PBXBuildFile; fileRef = 5083DDC1167E4CC400EE6B07 /* event-tiles-hd.png */; };
		5083DDDF167E4CC400EE6B07 /* event-tiles.plist in Resources */ = {isa = PBXBuildFile; fileRef = 5083DDC2167E4CC400EE6B07 /* event-tiles.plist */; };
		5083DDE0167E4CC400EE6B07 /* event-tiles.png in Resources */ = {isa = PBXBuildFile; fileRef = 5083DDC3167E4CC400EE6B07 /* event-tiles.png */; };
		5083DDE1167E4CC400EE6B07 /* game-art-hd.plist in Resources */ = {isa = PBXBuildFile; fileRef = 5083DDC4167E4CC400EE6B07 /* game-art-hd.plist */; };
		5083DDE2167E4CC400EE6B07 /* game-art-hd.pvr.ccz in Resources */ = {isa = PBXBuildFile; fileRef = 5083DDC5167E4CC400EE6B07 /* game-art-hd.pvr.ccz */; };
		5083DDE3167E4CC400EE6B07 /* game-art.plist in Resources */ = {isa = PBXBuildFile; fileRef = 5083DDC6167E4CC400EE6B07 /* game-art.plist */; };
		5083DDE4167E4CC400EE6B07 /* game-art.pvr.ccz in Resources */ = {isa = PBXBuildFile; fileRef = 5083DDC7167E4CC400EE6B07 /* game-art.pvr.ccz */; };
		5083DDE5167E4CC400EE6B07 /* tilemap-hd.tmx in Resources */ = {isa = PBXBuildFile; fileRef = 5083DDC8167E4CC400EE6B07 /* tilemap-hd.tmx */; };
		5083DDE6167E4CC400EE6B07 /* tilemap.tmx in Resources */ = {isa = PBXBuildFile; fileRef = 5083DDC9167E4CC400EE6B07 /* tilemap.tmx */; };
		5083DDE7167E4CC400EE6B07 /* TileMapBackground.m in Sources */ = {isa = PBXBuildFile; fileRef = 5083DDCB167E4CC400EE6B07 /* TileMapBackground.m */; };
		50F069C1168143C600E5F619 /* CPCollisionHandler.m in Sources */ = {isa = PBXBuildFile; fileRef = 50F069C0168143C600E5F619 /* CPCollisionHandler.m */; };
		50F069C516815DF700E5F619 /* CPGameObject.m in Sources */ = {isa = PBXBuildFile; fileRef = 50F069C416815DF600E5F619 /* CPGameObject.m */; };
		DC272199160CA63900D88944 /* Default-568h@2x.png in Resources */ = {isa = PBXBuildFile; fileRef = DC272198160CA63900D88944 /* Default-568h@2x.png */; };
		DC3C6FC614B8BF0700DAD281 /* fps_images-hd.png in Resources */ = {isa = PBXBuildFile; fileRef = DC3C6FC514B8BF0700DAD281 /* fps_images-hd.png */; };
		DC4B418D1438A33F0010650F /* MyView.m in Sources */ = {isa = PBXBuildFile; fileRef = DC4B418B1438A33F0010650F /* MyView.m */; };
		DC4B418E1438A33F0010650F /* MyView.xib in Resources */ = {isa = PBXBuildFile; fileRef = DC4B418C1438A33F0010650F /* MyView.xib */; };
		DC599A43142289D70067495F /* iTunesArtwork in Resources */ = {isa = PBXBuildFile; fileRef = DCC1A10A13A94ED5005BD75D /* iTunesArtwork */; };
		DC65615C13A969B600A7AC53 /* libbox2d-ios.a in Frameworks */ = {isa = PBXBuildFile; fileRef = DC65615013A969B600A7AC53 /* libbox2d-ios.a */; };
		DC65615D13A969B600A7AC53 /* libchipmunk-ios.a in Frameworks */ = {isa = PBXBuildFile; fileRef = DC65615113A969B600A7AC53 /* libchipmunk-ios.a */; };
		DC65615E13A969B600A7AC53 /* libchipmunk-spacemanager-ios.a in Frameworks */ = {isa = PBXBuildFile; fileRef = DC65615213A969B600A7AC53 /* libchipmunk-spacemanager-ios.a */; };
		DC65616013A969B600A7AC53 /* libcocos2d-extensions-ios.a in Frameworks */ = {isa = PBXBuildFile; fileRef = DC65615413A969B600A7AC53 /* libcocos2d-extensions-ios.a */; };
		DC65616113A969B600A7AC53 /* libcocos2d-ios.a in Frameworks */ = {isa = PBXBuildFile; fileRef = DC65615513A969B600A7AC53 /* libcocos2d-ios.a */; };
		DC65616213A969B600A7AC53 /* libcocos3d-ios.a in Frameworks */ = {isa = PBXBuildFile; fileRef = DC65615613A969B600A7AC53 /* libcocos3d-ios.a */; };
		DC65616313A969B600A7AC53 /* libcocosdenshion-ios.a in Frameworks */ = {isa = PBXBuildFile; fileRef = DC65615713A969B600A7AC53 /* libcocosdenshion-ios.a */; };
		DC65616413A969B600A7AC53 /* libkobold2d-ios.a in Frameworks */ = {isa = PBXBuildFile; fileRef = DC65615813A969B600A7AC53 /* libkobold2d-ios.a */; };
		DC65616513A969B600A7AC53 /* libobjectal-ios.a in Frameworks */ = {isa = PBXBuildFile; fileRef = DC65615913A969B600A7AC53 /* libobjectal-ios.a */; };
		DC65616613A969B600A7AC53 /* libsneakyinput-ios.a in Frameworks */ = {isa = PBXBuildFile; fileRef = DC65615A13A969B600A7AC53 /* libsneakyinput-ios.a */; };
		DC65618915114C8500E59F8A /* fps_images-ipadhd.png in Resources */ = {isa = PBXBuildFile; fileRef = DC65618815114C8500E59F8A /* fps_images-ipadhd.png */; };
		DCC1A0FA13A94ED5005BD75D /* Default.png in Resources */ = {isa = PBXBuildFile; fileRef = DCC1A0F913A94ED5005BD75D /* Default.png */; };
		DCC1A0FC13A94ED5005BD75D /* fps_images.png in Resources */ = {isa = PBXBuildFile; fileRef = DCC1A0FB13A94ED5005BD75D /* fps_images.png */; };
		DCC1A0FE13A94ED5005BD75D /* Icon-72.png in Resources */ = {isa = PBXBuildFile; fileRef = DCC1A0FD13A94ED5005BD75D /* Icon-72.png */; };
		DCC1A10013A94ED5005BD75D /* Icon-Small-50.png in Resources */ = {isa = PBXBuildFile; fileRef = DCC1A0FF13A94ED5005BD75D /* Icon-Small-50.png */; };
		DCC1A10213A94ED5005BD75D /* Icon-Small.png in Resources */ = {isa = PBXBuildFile; fileRef = DCC1A10113A94ED5005BD75D /* Icon-Small.png */; };
		DCC1A10413A94ED5005BD75D /* Icon-Small@2x.png in Resources */ = {isa = PBXBuildFile; fileRef = DCC1A10313A94ED5005BD75D /* Icon-Small@2x.png */; };
		DCC1A10613A94ED5005BD75D /* Icon.png in Resources */ = {isa = PBXBuildFile; fileRef = DCC1A10513A94ED5005BD75D /* Icon.png */; };
		DCC1A10813A94ED5005BD75D /* Icon@2x.png in Resources */ = {isa = PBXBuildFile; fileRef = DCC1A10713A94ED5005BD75D /* Icon@2x.png */; };
/* End PBXBuildFile section */

/* Begin PBXFileReference section */
		500F039D168128E800B6E93E /* bulletstreak.png */ = {isa = PBXFileReference; lastKnownFileType = image.png; path = bulletstreak.png; sourceTree = "<group>"; };
		50669200167ECFCC00163A26 /* fire.png */ = {isa = PBXFileReference; lastKnownFileType = image.png; path = fire.png; sourceTree = "<group>"; };
		50669202167ED04B00163A26 /* Bullet.h */ = {isa = PBXFileReference; fileEncoding = 4; lastKnownFileType = sourcecode.c.h; path = Bullet.h; sourceTree = "<group>"; };
		50669203167ED04B00163A26 /* Bullet.m */ = {isa = PBXFileReference; fileEncoding = 4; lastKnownFileType = sourcecode.c.objc; path = Bullet.m; sourceTree = "<group>"; };
		5083DDA4167E4CC400EE6B07 /* AppDelegate.h */ = {isa = PBXFileReference; fileEncoding = 4; lastKnownFileType = sourcecode.c.h; path = AppDelegate.h; sourceTree = "<group>"; };
		5083DDA5167E4CC400EE6B07 /* AppDelegate.m */ = {isa = PBXFileReference; fileEncoding = 4; lastKnownFileType = sourcecode.c.objc; path = AppDelegate.m; sourceTree = "<group>"; };
		5083DDA6167E4CC400EE6B07 /* AssassinCar.h */ = {isa = PBXFileReference; fileEncoding = 4; lastKnownFileType = sourcecode.c.h; path = AssassinCar.h; sourceTree = "<group>"; };
		5083DDA7167E4CC400EE6B07 /* AssassinCar.m */ = {isa = PBXFileReference; fileEncoding = 4; lastKnownFileType = sourcecode.c.objc; path = AssassinCar.m; sourceTree = "<group>"; };
		5083DDA8167E4CC400EE6B07 /* CCAnimationHelper.h */ = {isa = PBXFileReference; fileEncoding = 4; lastKnownFileType = sourcecode.c.h; path = CCAnimationHelper.h; sourceTree = "<group>"; };
		5083DDA9167E4CC400EE6B07 /* CCAnimationHelper.m */ = {isa = PBXFileReference; fileEncoding = 4; lastKnownFileType = sourcecode.c.objc; path = CCAnimationHelper.m; sourceTree = "<group>"; };
		5083DDAA167E4CC400EE6B07 /* ControlsLayer.h */ = {isa = PBXFileReference; fileEncoding = 4; lastKnownFileType = sourcecode.c.h; path = ControlsLayer.h; sourceTree = "<group>"; };
		5083DDAB167E4CC400EE6B07 /* ControlsLayer.m */ = {isa = PBXFileReference; fileEncoding = 4; lastKnownFileType = sourcecode.c.objc; path = ControlsLayer.m; sourceTree = "<group>"; };
		5083DDAC167E4CC400EE6B07 /* CPDebugLayer.h */ = {isa = PBXFileReference; fileEncoding = 4; lastKnownFileType = sourcecode.c.h; path = CPDebugLayer.h; sourceTree = "<group>"; };
		5083DDAD167E4CC400EE6B07 /* CPDebugLayer.m */ = {isa = PBXFileReference; fileEncoding = 4; lastKnownFileType = sourcecode.c.objc; path = CPDebugLayer.m; sourceTree = "<group>"; };
		5083DDAE167E4CC400EE6B07 /* Enemy.h */ = {isa = PBXFileReference; fileEncoding = 4; lastKnownFileType = sourcecode.c.h; path = Enemy.h; sourceTree = "<group>"; };
		5083DDAF167E4CC400EE6B07 /* Enemy.m */ = {isa = PBXFileReference; fileEncoding = 4; lastKnownFileType = sourcecode.c.objc; path = Enemy.m; sourceTree = "<group>"; };
		5083DDB0167E4CC400EE6B07 /* GameLayer.h */ = {isa = PBXFileReference; fileEncoding = 4; lastKnownFileType = sourcecode.c.h; path = GameLayer.h; sourceTree = "<group>"; };
		5083DDB1167E4CC400EE6B07 /* GameLayer.m */ = {isa = PBXFileReference; fileEncoding = 4; lastKnownFileType = sourcecode.c.objc; path = GameLayer.m; sourceTree = "<group>"; };
		5083DDB2167E4CC400EE6B07 /* main.m */ = {isa = PBXFileReference; fileEncoding = 4; lastKnownFileType = sourcecode.c.objc; path = main.m; sourceTree = "<group>"; };
		5083DDB3167E4CC400EE6B07 /* MuzzleFlashEffect.h */ = {isa = PBXFileReference; fileEncoding = 4; lastKnownFileType = sourcecode.c.h; path = MuzzleFlashEffect.h; sourceTree = "<group>"; };
		5083DDB4167E4CC400EE6B07 /* MuzzleFlashEffect.m */ = {isa = PBXFileReference; fileEncoding = 4; lastKnownFileType = sourcecode.c.objc; path = MuzzleFlashEffect.m; sourceTree = "<group>"; };
		5083DDB5167E4CC400EE6B07 /* PhysicsSprite.h */ = {isa = PBXFileReference; fileEncoding = 4; lastKnownFileType = sourcecode.c.h; path = PhysicsSprite.h; sourceTree = "<group>"; };
		5083DDB6167E4CC400EE6B07 /* PhysicsSprite.m */ = {isa = PBXFileReference; fileEncoding = 4; lastKnownFileType = sourcecode.c.objc; path = PhysicsSprite.m; sourceTree = "<group>"; };
		5083DDB7167E4CC400EE6B07 /* Prefix-iOS.pch */ = {isa = PBXFileReference; fileEncoding = 4; lastKnownFileType = sourcecode.c.h; path = "Prefix-iOS.pch"; sourceTree = "<group>"; };
		5083DDB9167E4CC400EE6B07 /* basic-tiles-hd.plist */ = {isa = PBXFileReference; fileEncoding = 4; lastKnownFileType = text.plist.xml; path = "basic-tiles-hd.plist"; sourceTree = "<group>"; };
		5083DDBA167E4CC400EE6B07 /* basic-tiles-hd.png */ = {isa = PBXFileReference; lastKnownFileType = image.png; path = "basic-tiles-hd.png"; sourceTree = "<group>"; };
		5083DDBB167E4CC400EE6B07 /* basic-tiles.plist */ = {isa = PBXFileReference; fileEncoding = 4; lastKnownFileType = text.plist.xml; path = "basic-tiles.plist"; sourceTree = "<group>"; };
		5083DDBC167E4CC400EE6B07 /* basic-tiles.png */ = {isa = PBXFileReference; lastKnownFileType = image.png; path = "basic-tiles.png"; sourceTree = "<group>"; };
		5083DDBF167E4CC400EE6B07 /* config.lua */ = {isa = PBXFileReference; fileEncoding = 4; lastKnownFileType = text; path = config.lua; sourceTree = "<group>"; };
		5083DDC0167E4CC400EE6B07 /* event-tiles-hd.plist */ = {isa = PBXFileReference; fileEncoding = 4; lastKnownFileType = text.plist.xml; path = "event-tiles-hd.plist"; sourceTree = "<group>"; };
		5083DDC1167E4CC400EE6B07 /* event-tiles-hd.png */ = {isa = PBXFileReference; lastKnownFileType = image.png; path = "event-tiles-hd.png"; sourceTree = "<group>"; };
		5083DDC2167E4CC400EE6B07 /* event-tiles.plist */ = {isa = PBXFileReference; fileEncoding = 4; lastKnownFileType = text.plist.xml; path = "event-tiles.plist"; sourceTree = "<group>"; };
		5083DDC3167E4CC400EE6B07 /* event-tiles.png */ = {isa = PBXFileReference; lastKnownFileType = image.png; path = "event-tiles.png"; sourceTree = "<group>"; };
		5083DDC4167E4CC400EE6B07 /* game-art-hd.plist */ = {isa = PBXFileReference; fileEncoding = 4; lastKnownFileType = text.plist.xml; path = "game-art-hd.plist"; sourceTree = "<group>"; };
		5083DDC5167E4CC400EE6B07 /* game-art-hd.pvr.ccz */ = {isa = PBXFileReference; lastKnownFileType = file; path = "game-art-hd.pvr.ccz"; sourceTree = "<group>"; };
		5083DDC6167E4CC400EE6B07 /* game-art.plist */ = {isa = PBXFileReference; fileEncoding = 4; lastKnownFileType = text.plist.xml; path = "game-art.plist"; sourceTree = "<group>"; };
		5083DDC7167E4CC400EE6B07 /* game-art.pvr.ccz */ = {isa = PBXFileReference; lastKnownFileType = file; path = "game-art.pvr.ccz"; sourceTree = "<group>"; };
		5083DDC8167E4CC400EE6B07 /* tilemap-hd.tmx */ = {isa = PBXFileReference; fileEncoding = 4; lastKnownFileType = text.xml; path = "tilemap-hd.tmx"; sourceTree = "<group>"; };
		5083DDC9167E4CC400EE6B07 /* tilemap.tmx */ = {isa = PBXFileReference; fileEncoding = 4; lastKnownFileType = text.xml; path = tilemap.tmx; sourceTree = "<group>"; };
		5083DDCA167E4CC400EE6B07 /* TileMapBackground.h */ = {isa = PBXFileReference; fileEncoding = 4; lastKnownFileType = sourcecode.c.h; path = TileMapBackground.h; sourceTree = "<group>"; };
		5083DDCB167E4CC400EE6B07 /* TileMapBackground.m */ = {isa = PBXFileReference; fileEncoding = 4; lastKnownFileType = sourcecode.c.objc; path = TileMapBackground.m; sourceTree = "<group>"; };
		50F069BF168143C600E5F619 /* CPCollisionHandler.h */ = {isa = PBXFileReference; fileEncoding = 4; lastKnownFileType = sourcecode.c.h; path = CPCollisionHandler.h; sourceTree = "<group>"; };
		50F069C0168143C600E5F619 /* CPCollisionHandler.m */ = {isa = PBXFileReference; fileEncoding = 4; lastKnownFileType = sourcecode.c.objc; path = CPCollisionHandler.m; sourceTree = "<group>"; };
		50F069C316815DF600E5F619 /* CPGameObject.h */ = {isa = PBXFileReference; fileEncoding = 4; lastKnownFileType = sourcecode.c.h; path = CPGameObject.h; sourceTree = "<group>"; };
		50F069C416815DF600E5F619 /* CPGameObject.m */ = {isa = PBXFileReference; fileEncoding = 4; lastKnownFileType = sourcecode.c.objc; path = CPGameObject.m; sourceTree = "<group>"; };
		DC272198160CA63900D88944 /* Default-568h@2x.png */ = {isa = PBXFileReference; lastKnownFileType = image.png; path = "Default-568h@2x.png"; sourceTree = "<group>"; };
		DC3BE97813B4FB71003739CC /* BuildSettings-iOS.xcconfig */ = {isa = PBXFileReference; lastKnownFileType = text.xcconfig; path = "BuildSettings-iOS.xcconfig"; sourceTree = "<group>"; };
		DC3C6FC514B8BF0700DAD281 /* fps_images-hd.png */ = {isa = PBXFileReference; lastKnownFileType = image.png; path = "fps_images-hd.png"; sourceTree = "<group>"; };
		DC4B418A1438A33F0010650F /* MyView.h */ = {isa = PBXFileReference; fileEncoding = 4; lastKnownFileType = sourcecode.c.h; path = MyView.h; sourceTree = "<group>"; };
		DC4B418B1438A33F0010650F /* MyView.m */ = {isa = PBXFileReference; fileEncoding = 4; lastKnownFileType = sourcecode.c.objc; path = MyView.m; sourceTree = "<group>"; };
		DC4B418C1438A33F0010650F /* MyView.xib */ = {isa = PBXFileReference; fileEncoding = 4; lastKnownFileType = file.xib; path = MyView.xib; sourceTree = "<group>"; };
		DC65615013A969B600A7AC53 /* libbox2d-ios.a */ = {isa = PBXFileReference; explicitFileType = archive.ar; path = "libbox2d-ios.a"; sourceTree = BUILT_PRODUCTS_DIR; };
		DC65615113A969B600A7AC53 /* libchipmunk-ios.a */ = {isa = PBXFileReference; explicitFileType = archive.ar; path = "libchipmunk-ios.a"; sourceTree = BUILT_PRODUCTS_DIR; };
		DC65615213A969B600A7AC53 /* libchipmunk-spacemanager-ios.a */ = {isa = PBXFileReference; explicitFileType = archive.ar; path = "libchipmunk-spacemanager-ios.a"; sourceTree = BUILT_PRODUCTS_DIR; };
		DC65615413A969B600A7AC53 /* libcocos2d-extensions-ios.a */ = {isa = PBXFileReference; explicitFileType = archive.ar; path = "libcocos2d-extensions-ios.a"; sourceTree = BUILT_PRODUCTS_DIR; };
		DC65615513A969B600A7AC53 /* libcocos2d-ios.a */ = {isa = PBXFileReference; explicitFileType = archive.ar; path = "libcocos2d-ios.a"; sourceTree = BUILT_PRODUCTS_DIR; };
		DC65615613A969B600A7AC53 /* libcocos3d-ios.a */ = {isa = PBXFileReference; explicitFileType = archive.ar; path = "libcocos3d-ios.a"; sourceTree = BUILT_PRODUCTS_DIR; };
		DC65615713A969B600A7AC53 /* libcocosdenshion-ios.a */ = {isa = PBXFileReference; explicitFileType = archive.ar; path = "libcocosdenshion-ios.a"; sourceTree = BUILT_PRODUCTS_DIR; };
		DC65615813A969B600A7AC53 /* libkobold2d-ios.a */ = {isa = PBXFileReference; explicitFileType = archive.ar; path = "libkobold2d-ios.a"; sourceTree = BUILT_PRODUCTS_DIR; };
		DC65615913A969B600A7AC53 /* libobjectal-ios.a */ = {isa = PBXFileReference; explicitFileType = archive.ar; path = "libobjectal-ios.a"; sourceTree = BUILT_PRODUCTS_DIR; };
		DC65615A13A969B600A7AC53 /* libsneakyinput-ios.a */ = {isa = PBXFileReference; explicitFileType = archive.ar; path = "libsneakyinput-ios.a"; sourceTree = BUILT_PRODUCTS_DIR; };
		DC65618815114C8500E59F8A /* fps_images-ipadhd.png */ = {isa = PBXFileReference; lastKnownFileType = image.png; path = "fps_images-ipadhd.png"; sourceTree = "<group>"; };
		DCC1A0E313A94ED5005BD75D /* HighwayAssassin-iOS.app */ = {isa = PBXFileReference; explicitFileType = wrapper.application; includeInIndex = 0; path = "HighwayAssassin-iOS.app"; sourceTree = BUILT_PRODUCTS_DIR; };
		DCC1A0F913A94ED5005BD75D /* Default.png */ = {isa = PBXFileReference; lastKnownFileType = image.png; path = Default.png; sourceTree = "<group>"; };
		DCC1A0FB13A94ED5005BD75D /* fps_images.png */ = {isa = PBXFileReference; lastKnownFileType = image.png; path = fps_images.png; sourceTree = "<group>"; };
		DCC1A0FD13A94ED5005BD75D /* Icon-72.png */ = {isa = PBXFileReference; lastKnownFileType = image.png; path = "Icon-72.png"; sourceTree = "<group>"; };
		DCC1A0FF13A94ED5005BD75D /* Icon-Small-50.png */ = {isa = PBXFileReference; lastKnownFileType = image.png; path = "Icon-Small-50.png"; sourceTree = "<group>"; };
		DCC1A10113A94ED5005BD75D /* Icon-Small.png */ = {isa = PBXFileReference; lastKnownFileType = image.png; path = "Icon-Small.png"; sourceTree = "<group>"; };
		DCC1A10313A94ED5005BD75D /* Icon-Small@2x.png */ = {isa = PBXFileReference; lastKnownFileType = image.png; path = "Icon-Small@2x.png"; sourceTree = "<group>"; };
		DCC1A10513A94ED5005BD75D /* Icon.png */ = {isa = PBXFileReference; lastKnownFileType = image.png; path = Icon.png; sourceTree = "<group>"; };
		DCC1A10713A94ED5005BD75D /* Icon@2x.png */ = {isa = PBXFileReference; lastKnownFileType = image.png; path = "Icon@2x.png"; sourceTree = "<group>"; };
		DCC1A10913A94ED5005BD75D /* Info.plist */ = {isa = PBXFileReference; lastKnownFileType = text.plist.xml; path = Info.plist; sourceTree = "<group>"; };
		DCC1A10A13A94ED5005BD75D /* iTunesArtwork */ = {isa = PBXFileReference; lastKnownFileType = file; path = iTunesArtwork; sourceTree = "<group>"; };
		DCFA90EF13B4F6F7009DD35A /* BuildSettings-Debug-iOS.xcconfig */ = {isa = PBXFileReference; lastKnownFileType = text.xcconfig; path = "BuildSettings-Debug-iOS.xcconfig"; sourceTree = "<group>"; };
		DCFA90F013B4F811009DD35A /* BuildSettings-Release-iOS.xcconfig */ = {isa = PBXFileReference; lastKnownFileType = text.xcconfig; path = "BuildSettings-Release-iOS.xcconfig"; sourceTree = "<group>"; };
/* End PBXFileReference section */

/* Begin PBXFrameworksBuildPhase section */
		DCC1A0E013A94ED5005BD75D /* Frameworks */ = {
			isa = PBXFrameworksBuildPhase;
			buildActionMask = 2147483647;
			files = (
				DC65615C13A969B600A7AC53 /* libbox2d-ios.a in Frameworks */,
				DC65615D13A969B600A7AC53 /* libchipmunk-ios.a in Frameworks */,
				DC65615E13A969B600A7AC53 /* libchipmunk-spacemanager-ios.a in Frameworks */,
				DC65616013A969B600A7AC53 /* libcocos2d-extensions-ios.a in Frameworks */,
				DC65616113A969B600A7AC53 /* libcocos2d-ios.a in Frameworks */,
				DC65616213A969B600A7AC53 /* libcocos3d-ios.a in Frameworks */,
				DC65616313A969B600A7AC53 /* libcocosdenshion-ios.a in Frameworks */,
				DC65616413A969B600A7AC53 /* libkobold2d-ios.a in Frameworks */,
				DC65616513A969B600A7AC53 /* libobjectal-ios.a in Frameworks */,
				DC65616613A969B600A7AC53 /* libsneakyinput-ios.a in Frameworks */,
			);
			runOnlyForDeploymentPostprocessing = 0;
		};
/* End PBXFrameworksBuildPhase section */

/* Begin PBXGroup section */
		5083DDA3167E4CC400EE6B07 /* Projectfiles */ = {
			isa = PBXGroup;
			children = (
				50F069BF168143C600E5F619 /* CPCollisionHandler.h */,
				50F069C0168143C600E5F619 /* CPCollisionHandler.m */,
				50669202167ED04B00163A26 /* Bullet.h */,
				50669203167ED04B00163A26 /* Bullet.m */,
				5083DDA4167E4CC400EE6B07 /* AppDelegate.h */,
				5083DDA5167E4CC400EE6B07 /* AppDelegate.m */,
				5083DDA6167E4CC400EE6B07 /* AssassinCar.h */,
				5083DDA7167E4CC400EE6B07 /* AssassinCar.m */,
				5083DDA8167E4CC400EE6B07 /* CCAnimationHelper.h */,
				50F069C316815DF600E5F619 /* CPGameObject.h */,
				50F069C416815DF600E5F619 /* CPGameObject.m */,
				5083DDA9167E4CC400EE6B07 /* CCAnimationHelper.m */,
				5083DDAA167E4CC400EE6B07 /* ControlsLayer.h */,
				5083DDAB167E4CC400EE6B07 /* ControlsLayer.m */,
				5083DDAC167E4CC400EE6B07 /* CPDebugLayer.h */,
				5083DDAD167E4CC400EE6B07 /* CPDebugLayer.m */,
				5083DDAE167E4CC400EE6B07 /* Enemy.h */,
				5083DDAF167E4CC400EE6B07 /* Enemy.m */,
				5083DDB0167E4CC400EE6B07 /* GameLayer.h */,
				5083DDB1167E4CC400EE6B07 /* GameLayer.m */,
				5083DDB2167E4CC400EE6B07 /* main.m */,
				5083DDB3167E4CC400EE6B07 /* MuzzleFlashEffect.h */,
				5083DDB4167E4CC400EE6B07 /* MuzzleFlashEffect.m */,
				5083DDB5167E4CC400EE6B07 /* PhysicsSprite.h */,
				5083DDB6167E4CC400EE6B07 /* PhysicsSprite.m */,
				5083DDB7167E4CC400EE6B07 /* Prefix-iOS.pch */,
				5083DDCA167E4CC400EE6B07 /* TileMapBackground.h */,
				5083DDCB167E4CC400EE6B07 /* TileMapBackground.m */,
				5083DDB8167E4CC400EE6B07 /* Resources */,
			);
			path = Projectfiles;
			sourceTree = "<group>";
		};
		5083DDB8167E4CC400EE6B07 /* Resources */ = {
			isa = PBXGroup;
			children = (
				500F039D168128E800B6E93E /* bulletstreak.png */,
				50669200167ECFCC00163A26 /* fire.png */,
				5083DDB9167E4CC400EE6B07 /* basic-tiles-hd.plist */,
				5083DDBA167E4CC400EE6B07 /* basic-tiles-hd.png */,
				5083DDBB167E4CC400EE6B07 /* basic-tiles.plist */,
				5083DDBC167E4CC400EE6B07 /* basic-tiles.png */,
				5083DDBF167E4CC400EE6B07 /* config.lua */,
				5083DDC0167E4CC400EE6B07 /* event-tiles-hd.plist */,
				5083DDC1167E4CC400EE6B07 /* event-tiles-hd.png */,
				5083DDC2167E4CC400EE6B07 /* event-tiles.plist */,
				5083DDC3167E4CC400EE6B07 /* event-tiles.png */,
				5083DDC4167E4CC400EE6B07 /* game-art-hd.plist */,
				5083DDC5167E4CC400EE6B07 /* game-art-hd.pvr.ccz */,
				5083DDC6167E4CC400EE6B07 /* game-art.plist */,
				5083DDC7167E4CC400EE6B07 /* game-art.pvr.ccz */,
				5083DDC8167E4CC400EE6B07 /* tilemap-hd.tmx */,
				5083DDC9167E4CC400EE6B07 /* tilemap.tmx */,
			);
			path = Resources;
			sourceTree = "<group>";
		};
		DCC1A0D613A94EC0005BD75D = {
			isa = PBXGroup;
			children = (
				5083DDA3167E4CC400EE6B07 /* Projectfiles */,
				DCC1A0F713A94ED5005BD75D /* Projectfiles-iOS */,
				DCFA90ED13B4F6A0009DD35A /* BuildSettings */,
				DCC1A0E613A94ED5005BD75D /* Frameworks */,
				DCC1A0E413A94ED5005BD75D /* Products */,
			);
			sourceTree = "<group>";
		};
		DCC1A0E413A94ED5005BD75D /* Products */ = {
			isa = PBXGroup;
			children = (
				DCC1A0E313A94ED5005BD75D /* HighwayAssassin-iOS.app */,
			);
			name = Products;
			sourceTree = "<group>";
		};
		DCC1A0E613A94ED5005BD75D /* Frameworks */ = {
			isa = PBXGroup;
			children = (
			);
			name = Frameworks;
			sourceTree = "<group>";
		};
		DCC1A0F713A94ED5005BD75D /* Projectfiles-iOS */ = {
			isa = PBXGroup;
			children = (
				DC4B418A1438A33F0010650F /* MyView.h */,
				DC4B418B1438A33F0010650F /* MyView.m */,
				DC4B418C1438A33F0010650F /* MyView.xib */,
				DCC1A0F813A94ED5005BD75D /* Resources */,
			);
			path = "Projectfiles-iOS";
			sourceTree = "<group>";
		};
		DCC1A0F813A94ED5005BD75D /* Resources */ = {
			isa = PBXGroup;
			children = (
				DC272198160CA63900D88944 /* Default-568h@2x.png */,
				DCC1A0F913A94ED5005BD75D /* Default.png */,
				DCC1A0FB13A94ED5005BD75D /* fps_images.png */,
				DC3C6FC514B8BF0700DAD281 /* fps_images-hd.png */,
				DC65618815114C8500E59F8A /* fps_images-ipadhd.png */,
				DCC1A0FD13A94ED5005BD75D /* Icon-72.png */,
				DCC1A0FF13A94ED5005BD75D /* Icon-Small-50.png */,
				DCC1A10113A94ED5005BD75D /* Icon-Small.png */,
				DCC1A10313A94ED5005BD75D /* Icon-Small@2x.png */,
				DCC1A10513A94ED5005BD75D /* Icon.png */,
				DCC1A10713A94ED5005BD75D /* Icon@2x.png */,
				DCC1A10913A94ED5005BD75D /* Info.plist */,
				DCC1A10A13A94ED5005BD75D /* iTunesArtwork */,
			);
			path = Resources;
			sourceTree = "<group>";
		};
		DCFA90ED13B4F6A0009DD35A /* BuildSettings */ = {
			isa = PBXGroup;
			children = (
				DCFA90EF13B4F6F7009DD35A /* BuildSettings-Debug-iOS.xcconfig */,
				DCFA90F013B4F811009DD35A /* BuildSettings-Release-iOS.xcconfig */,
				DC3BE97813B4FB71003739CC /* BuildSettings-iOS.xcconfig */,
			);
			path = BuildSettings;
			sourceTree = "<group>";
		};
/* End PBXGroup section */

/* Begin PBXNativeTarget section */
		DCC1A0E213A94ED5005BD75D /* HighwayAssassin-iOS */ = {
			isa = PBXNativeTarget;
			buildConfigurationList = DCC1A25313A94ED7005BD75D /* Build configuration list for PBXNativeTarget "HighwayAssassin-iOS" */;
			buildPhases = (
				DCC1A0DF13A94ED5005BD75D /* Sources */,
				DCC1A0E013A94ED5005BD75D /* Frameworks */,
				DCC1A0E113A94ED5005BD75D /* Resources */,
			);
			buildRules = (
			);
			dependencies = (
			);
			name = "HighwayAssassin-iOS";
			productName = "Hello-World-iOS";
			productReference = DCC1A0E313A94ED5005BD75D /* HighwayAssassin-iOS.app */;
			productType = "com.apple.product-type.application";
		};
/* End PBXNativeTarget section */

/* Begin PBXProject section */
		DCC1A0D813A94EC0005BD75D /* Project object */ = {
			isa = PBXProject;
			attributes = {
				LastUpgradeCheck = 0450;
			};
			buildConfigurationList = DCC1A0DB13A94EC0005BD75D /* Build configuration list for PBXProject "HighwayAssassin" */;
			compatibilityVersion = "Xcode 3.2";
			developmentRegion = English;
			hasScannedForEncodings = 0;
			knownRegions = (
				en,
				English,
			);
			mainGroup = DCC1A0D613A94EC0005BD75D;
			productRefGroup = DCC1A0E413A94ED5005BD75D /* Products */;
			projectDirPath = "";
			projectRoot = "";
			targets = (
				DCC1A0E213A94ED5005BD75D /* HighwayAssassin-iOS */,
			);
		};
/* End PBXProject section */

/* Begin PBXResourcesBuildPhase section */
		DCC1A0E113A94ED5005BD75D /* Resources */ = {
			isa = PBXResourcesBuildPhase;
			buildActionMask = 2147483647;
			files = (
				DCC1A0FA13A94ED5005BD75D /* Default.png in Resources */,
				DCC1A0FC13A94ED5005BD75D /* fps_images.png in Resources */,
				DCC1A0FE13A94ED5005BD75D /* Icon-72.png in Resources */,
				DCC1A10013A94ED5005BD75D /* Icon-Small-50.png in Resources */,
				DCC1A10213A94ED5005BD75D /* Icon-Small.png in Resources */,
				DCC1A10413A94ED5005BD75D /* Icon-Small@2x.png in Resources */,
				DCC1A10613A94ED5005BD75D /* Icon.png in Resources */,
				DCC1A10813A94ED5005BD75D /* Icon@2x.png in Resources */,
				DC599A43142289D70067495F /* iTunesArtwork in Resources */,
				DC4B418E1438A33F0010650F /* MyView.xib in Resources */,
				DC3C6FC614B8BF0700DAD281 /* fps_images-hd.png in Resources */,
				DC65618915114C8500E59F8A /* fps_images-ipadhd.png in Resources */,
				DC272199160CA63900D88944 /* Default-568h@2x.png in Resources */,
				5083DDD6167E4CC400EE6B07 /* basic-tiles-hd.plist in Resources */,
				5083DDD7167E4CC400EE6B07 /* basic-tiles-hd.png in Resources */,
				5083DDD8167E4CC400EE6B07 /* basic-tiles.plist in Resources */,
				5083DDD9167E4CC400EE6B07 /* basic-tiles.png in Resources */,
				5083DDDC167E4CC400EE6B07 /* config.lua in Resources */,
				5083DDDD167E4CC400EE6B07 /* event-tiles-hd.plist in Resources */,
				5083DDDE167E4CC400EE6B07 /* event-tiles-hd.png in Resources */,
				5083DDDF167E4CC400EE6B07 /* event-tiles.plist in Resources */,
				5083DDE0167E4CC400EE6B07 /* event-tiles.png in Resources */,
				5083DDE1167E4CC400EE6B07 /* game-art-hd.plist in Resources */,
				5083DDE2167E4CC400EE6B07 /* game-art-hd.pvr.ccz in Resources */,
				5083DDE3167E4CC400EE6B07 /* game-art.plist in Resources */,
				5083DDE4167E4CC400EE6B07 /* game-art.pvr.ccz in Resources */,
				5083DDE5167E4CC400EE6B07 /* tilemap-hd.tmx in Resources */,
				5083DDE6167E4CC400EE6B07 /* tilemap.tmx in Resources */,
				50669201167ECFCC00163A26 /* fire.png in Resources */,
				500F039E168128E800B6E93E /* bulletstreak.png in Resources */,
			);
			runOnlyForDeploymentPostprocessing = 0;
		};
/* End PBXResourcesBuildPhase section */

/* Begin PBXSourcesBuildPhase section */
		DCC1A0DF13A94ED5005BD75D /* Sources */ = {
			isa = PBXSourcesBuildPhase;
			buildActionMask = 2147483647;
			files = (
				DC4B418D1438A33F0010650F /* MyView.m in Sources */,
				5083DDCC167E4CC400EE6B07 /* AppDelegate.m in Sources */,
				5083DDCD167E4CC400EE6B07 /* AssassinCar.m in Sources */,
				5083DDCE167E4CC400EE6B07 /* CCAnimationHelper.m in Sources */,
				5083DDCF167E4CC400EE6B07 /* ControlsLayer.m in Sources */,
				5083DDD0167E4CC400EE6B07 /* CPDebugLayer.m in Sources */,
				5083DDD1167E4CC400EE6B07 /* Enemy.m in Sources */,
				5083DDD2167E4CC400EE6B07 /* GameLayer.m in Sources */,
				5083DDD3167E4CC400EE6B07 /* main.m in Sources */,
				5083DDD4167E4CC400EE6B07 /* MuzzleFlashEffect.m in Sources */,
				5083DDD5167E4CC400EE6B07 /* PhysicsSprite.m in Sources */,
				5083DDE7167E4CC400EE6B07 /* TileMapBackground.m in Sources */,
				50669204167ED04B00163A26 /* Bullet.m in Sources */,
				50F069C1168143C600E5F619 /* CPCollisionHandler.m in Sources */,
				50F069C516815DF700E5F619 /* CPGameObject.m in Sources */,
			);
			runOnlyForDeploymentPostprocessing = 0;
		};
/* End PBXSourcesBuildPhase section */

/* Begin XCBuildConfiguration section */
		DCC1A0DD13A94EC0005BD75D /* Debug */ = {
			isa = XCBuildConfiguration;
			buildSettings = {
			};
			name = Debug;
		};
		DCC1A0DE13A94EC0005BD75D /* Release */ = {
			isa = XCBuildConfiguration;
			buildSettings = {
			};
			name = Release;
		};
		DCC1A25413A94ED7005BD75D /* Debug */ = {
			isa = XCBuildConfiguration;
			baseConfigurationReference = DCFA90EF13B4F6F7009DD35A /* BuildSettings-Debug-iOS.xcconfig */;
			buildSettings = {
				GCC_WARN_UNDECLARED_SELECTOR = NO;
				IPHONEOS_DEPLOYMENT_TARGET = 6.0;
				LIBRARY_SEARCH_PATHS = (
					"$(inherited)",
					"\"$(SRCROOT)/../__Kobold2D__/libs/GoogleAdMobAdsSDK\"",
				);
				TARGETED_DEVICE_FAMILY = 1;
			};
			name = Debug;
		};
		DCC1A25513A94ED7005BD75D /* Release */ = {
			isa = XCBuildConfiguration;
			baseConfigurationReference = DCFA90F013B4F811009DD35A /* BuildSettings-Release-iOS.xcconfig */;
			buildSettings = {
				GCC_WARN_UNDECLARED_SELECTOR = NO;
				IPHONEOS_DEPLOYMENT_TARGET = 6.0;
				LIBRARY_SEARCH_PATHS = (
					"$(inherited)",
					"\"$(SRCROOT)/../__Kobold2D__/libs/GoogleAdMobAdsSDK\"",
				);
				TARGETED_DEVICE_FAMILY = 1;
			};
			name = Release;
		};
/* End XCBuildConfiguration section */

/* Begin XCConfigurationList section */
		DCC1A0DB13A94EC0005BD75D /* Build configuration list for PBXProject "HighwayAssassin" */ = {
			isa = XCConfigurationList;
			buildConfigurations = (
				DCC1A0DD13A94EC0005BD75D /* Debug */,
				DCC1A0DE13A94EC0005BD75D /* Release */,
			);
			defaultConfigurationIsVisible = 0;
			defaultConfigurationName = Release;
		};
		DCC1A25313A94ED7005BD75D /* Build configuration list for PBXNativeTarget "HighwayAssassin-iOS" */ = {
			isa = XCConfigurationList;
			buildConfigurations = (
				DCC1A25413A94ED7005BD75D /* Debug */,
				DCC1A25513A94ED7005BD75D /* Release */,
			);
			defaultConfigurationIsVisible = 0;
			defaultConfigurationName = Release;
		};
/* End XCConfigurationList section */
	};
	rootObject = DCC1A0D813A94EC0005BD75D /* Project object */;
}
